
Microsoft Visual Studio Solution File, Format Version 12.00
# Visual Studio 14
VisualStudioVersion = 14.0.25420.1
MinimumVisualStudioVersion = 10.0.40219.1
Project("{FAE04EC0-301F-11D3-BF4B-00C04F79EFBC}") = "translater_2", "translater_2\translater_2\translater_2.csproj", "{15362563-ED17-4B8E-A82C-3A0DFCDA3B25}"
EndProject
Project("{FAE04EC0-301F-11D3-BF4B-00C04F79EFBC}") = "translater_2.Droid", "translater_2\translater_2.Droid\translater_2.Droid.csproj", "{1104B5C5-DE1D-4704-9912-97A7035600BE}"
EndProject
Project("{FAE04EC0-301F-11D3-BF4B-00C04F79EFBC}") = "translater_2.iOS", "translater_2\translater_2.iOS\translater_2.iOS.csproj", "{2F85AD57-16B0-43AB-AA4F-778C3D761F75}"
EndProject
Project("{FAE04EC0-301F-11D3-BF4B-00C04F79EFBC}") = "translater_2.WinPhone", "translater_2\translater_2.WinPhone\translater_2.WinPhone.csproj", "{D5FEDE47-3E45-4BF8-93AB-249012F6AB56}"
EndProject
Project("{FAE04EC0-301F-11D3-BF4B-00C04F79EFBC}") = "translater_2.Windows", "translater_2\translater_2.Windows\translater_2.Windows.csproj", "{56F781E2-C33F-4A4F-A1B7-782FD8FBF02E}"
EndProject
Global
	GlobalSection(SolutionConfigurationPlatforms) = preSolution
		Ad-Hoc|Any CPU = Ad-Hoc|Any CPU
		Ad-Hoc|ARM = Ad-Hoc|ARM
		Ad-Hoc|iPhone = Ad-Hoc|iPhone
		Ad-Hoc|iPhoneSimulator = Ad-Hoc|iPhoneSimulator
		Ad-Hoc|x64 = Ad-Hoc|x64
		Ad-Hoc|x86 = Ad-Hoc|x86
		AppStore|Any CPU = AppStore|Any CPU
		AppStore|ARM = AppStore|ARM
		AppStore|iPhone = AppStore|iPhone
		AppStore|iPhoneSimulator = AppStore|iPhoneSimulator
		AppStore|x64 = AppStore|x64
		AppStore|x86 = AppStore|x86
		Debug|Any CPU = Debug|Any CPU
		Debug|ARM = Debug|ARM
		Debug|iPhone = Debug|iPhone
		Debug|iPhoneSimulator = Debug|iPhoneSimulator
		Debug|x64 = Debug|x64
		Debug|x86 = Debug|x86
		Release|Any CPU = Release|Any CPU
		Release|ARM = Release|ARM
		Release|iPhone = Release|iPhone
		Release|iPhoneSimulator = Release|iPhoneSimulator
		Release|x64 = Release|x64
		Release|x86 = Release|x86
	EndGlobalSection
	GlobalSection(ProjectConfigurationPlatforms) = postSolution
		{15362563-ED17-4B8E-A82C-3A0DFCDA3B25}.Ad-Hoc|Any CPU.ActiveCfg = Release|Any CPU
		{15362563-ED17-4B8E-A82C-3A0DFCDA3B25}.Ad-Hoc|Any CPU.Build.0 = Release|Any CPU
		{15362563-ED17-4B8E-A82C-3A0DFCDA3B25}.Ad-Hoc|ARM.ActiveCfg = Release|Any CPU
		{15362563-ED17-4B8E-A82C-3A0DFCDA3B25}.Ad-Hoc|ARM.Build.0 = Release|Any CPU
		{15362563-ED17-4B8E-A82C-3A0DFCDA3B25}.Ad-Hoc|iPhone.ActiveCfg = Release|Any CPU
		{15362563-ED17-4B8E-A82C-3A0DFCDA3B25}.Ad-Hoc|iPhone.Build.0 = Release|Any CPU
		{15362563-ED17-4B8E-A82C-3A0DFCDA3B25}.Ad-Hoc|iPhoneSimulator.ActiveCfg = Release|Any CPU
		{15362563-ED17-4B8E-A82C-3A0DFCDA3B25}.Ad-Hoc|iPhoneSimulator.Build.0 = Release|Any CPU
		{15362563-ED17-4B8E-A82C-3A0DFCDA3B25}.Ad-Hoc|x64.ActiveCfg = Release|Any CPU
		{15362563-ED17-4B8E-A82C-3A0DFCDA3B25}.Ad-Hoc|x64.Build.0 = Release|Any CPU
		{15362563-ED17-4B8E-A82C-3A0DFCDA3B25}.Ad-Hoc|x86.ActiveCfg = Release|Any CPU
		{15362563-ED17-4B8E-A82C-3A0DFCDA3B25}.Ad-Hoc|x86.Build.0 = Release|Any CPU
		{15362563-ED17-4B8E-A82C-3A0DFCDA3B25}.AppStore|Any CPU.ActiveCfg = Release|Any CPU
		{15362563-ED17-4B8E-A82C-3A0DFCDA3B25}.AppStore|Any CPU.Build.0 = Release|Any CPU
		{15362563-ED17-4B8E-A82C-3A0DFCDA3B25}.AppStore|ARM.ActiveCfg = Release|Any CPU
		{15362563-ED17-4B8E-A82C-3A0DFCDA3B25}.AppStore|ARM.Build.0 = Release|Any CPU
		{15362563-ED17-4B8E-A82C-3A0DFCDA3B25}.AppStore|iPhone.ActiveCfg = Release|Any CPU
		{15362563-ED17-4B8E-A82C-3A0DFCDA3B25}.AppStore|iPhone.Build.0 = Release|Any CPU
		{15362563-ED17-4B8E-A82C-3A0DFCDA3B25}.AppStore|iPhoneSimulator.ActiveCfg = Release|Any CPU
		{15362563-ED17-4B8E-A82C-3A0DFCDA3B25}.AppStore|iPhoneSimulator.Build.0 = Release|Any CPU
		{15362563-ED17-4B8E-A82C-3A0DFCDA3B25}.AppStore|x64.ActiveCfg = Release|Any CPU
		{15362563-ED17-4B8E-A82C-3A0DFCDA3B25}.AppStore|x64.Build.0 = Release|Any CPU
		{15362563-ED17-4B8E-A82C-3A0DFCDA3B25}.AppStore|x86.ActiveCfg = Release|Any CPU
		{15362563-ED17-4B8E-A82C-3A0DFCDA3B25}.AppStore|x86.Build.0 = Release|Any CPU
		{15362563-ED17-4B8E-A82C-3A0DFCDA3B25}.Debug|Any CPU.ActiveCfg = Debug|Any CPU
		{15362563-ED17-4B8E-A82C-3A0DFCDA3B25}.Debug|Any CPU.Build.0 = Debug|Any CPU
		{15362563-ED17-4B8E-A82C-3A0DFCDA3B25}.Debug|ARM.ActiveCfg = Debug|Any CPU
		{15362563-ED17-4B8E-A82C-3A0DFCDA3B25}.Debug|ARM.Build.0 = Debug|Any CPU
		{15362563-ED17-4B8E-A82C-3A0DFCDA3B25}.Debug|iPhone.ActiveCfg = Debug|Any CPU
		{15362563-ED17-4B8E-A82C-3A0DFCDA3B25}.Debug|iPhone.Build.0 = Debug|Any CPU
		{15362563-ED17-4B8E-A82C-3A0DFCDA3B25}.Debug|iPhoneSimulator.ActiveCfg = Debug|Any CPU
		{15362563-ED17-4B8E-A82C-3A0DFCDA3B25}.Debug|iPhoneSimulator.Build.0 = Debug|Any CPU
		{15362563-ED17-4B8E-A82C-3A0DFCDA3B25}.Debug|x64.ActiveCfg = Debug|Any CPU
		{15362563-ED17-4B8E-A82C-3A0DFCDA3B25}.Debug|x64.Build.0 = Debug|Any CPU
		{15362563-ED17-4B8E-A82C-3A0DFCDA3B25}.Debug|x86.ActiveCfg = Debug|Any CPU
		{15362563-ED17-4B8E-A82C-3A0DFCDA3B25}.Debug|x86.Build.0 = Debug|Any CPU
		{15362563-ED17-4B8E-A82C-3A0DFCDA3B25}.Release|Any CPU.ActiveCfg = Release|Any CPU
		{15362563-ED17-4B8E-A82C-3A0DFCDA3B25}.Release|Any CPU.Build.0 = Release|Any CPU
		{15362563-ED17-4B8E-A82C-3A0DFCDA3B25}.Release|ARM.ActiveCfg = Release|Any CPU
		{15362563-ED17-4B8E-A82C-3A0DFCDA3B25}.Release|ARM.Build.0 = Release|Any CPU
		{15362563-ED17-4B8E-A82C-3A0DFCDA3B25}.Release|iPhone.ActiveCfg = Release|Any CPU
		{15362563-ED17-4B8E-A82C-3A0DFCDA3B25}.Release|iPhone.Build.0 = Release|Any CPU
		{15362563-ED17-4B8E-A82C-3A0DFCDA3B25}.Release|iPhoneSimulator.ActiveCfg = Release|Any CPU
		{15362563-ED17-4B8E-A82C-3A0DFCDA3B25}.Release|iPhoneSimulator.Build.0 = Release|Any CPU
		{15362563-ED17-4B8E-A82C-3A0DFCDA3B25}.Release|x64.ActiveCfg = Release|Any CPU
		{15362563-ED17-4B8E-A82C-3A0DFCDA3B25}.Release|x64.Build.0 = Release|Any CPU
		{15362563-ED17-4B8E-A82C-3A0DFCDA3B25}.Release|x86.ActiveCfg = Release|Any CPU
		{15362563-ED17-4B8E-A82C-3A0DFCDA3B25}.Release|x86.Build.0 = Release|Any CPU
		{1104B5C5-DE1D-4704-9912-97A7035600BE}.Ad-Hoc|Any CPU.ActiveCfg = Release|Any CPU
		{1104B5C5-DE1D-4704-9912-97A7035600BE}.Ad-Hoc|Any CPU.Build.0 = Release|Any CPU
		{1104B5C5-DE1D-4704-9912-97A7035600BE}.Ad-Hoc|Any CPU.Deploy.0 = Release|Any CPU
		{1104B5C5-DE1D-4704-9912-97A7035600BE}.Ad-Hoc|ARM.ActiveCfg = Release|Any CPU
		{1104B5C5-DE1D-4704-9912-97A7035600BE}.Ad-Hoc|ARM.Build.0 = Release|Any CPU
		{1104B5C5-DE1D-4704-9912-97A7035600BE}.Ad-Hoc|ARM.Deploy.0 = Release|Any CPU
		{1104B5C5-DE1D-4704-9912-97A7035600BE}.Ad-Hoc|iPhone.ActiveCfg = Release|Any CPU
		{1104B5C5-DE1D-4704-9912-97A7035600BE}.Ad-Hoc|iPhone.Build.0 = Release|Any CPU
		{1104B5C5-DE1D-4704-9912-97A7035600BE}.Ad-Hoc|iPhone.Deploy.0 = Release|Any CPU
		{1104B5C5-DE1D-4704-9912-97A7035600BE}.Ad-Hoc|iPhoneSimulator.ActiveCfg = Release|Any CPU
		{1104B5C5-DE1D-4704-9912-97A7035600BE}.Ad-Hoc|iPhoneSimulator.Build.0 = Release|Any CPU
		{1104B5C5-DE1D-4704-9912-97A7035600BE}.Ad-Hoc|iPhoneSimulator.Deploy.0 = Release|Any CPU
		{1104B5C5-DE1D-4704-9912-97A7035600BE}.Ad-Hoc|x64.ActiveCfg = Release|Any CPU
		{1104B5C5-DE1D-4704-9912-97A7035600BE}.Ad-Hoc|x64.Build.0 = Release|Any CPU
		{1104B5C5-DE1D-4704-9912-97A7035600BE}.Ad-Hoc|x64.Deploy.0 = Release|Any CPU
		{1104B5C5-DE1D-4704-9912-97A7035600BE}.Ad-Hoc|x86.ActiveCfg = Release|Any CPU
		{1104B5C5-DE1D-4704-9912-97A7035600BE}.Ad-Hoc|x86.Build.0 = Release|Any CPU
		{1104B5C5-DE1D-4704-9912-97A7035600BE}.Ad-Hoc|x86.Deploy.0 = Release|Any CPU
		{1104B5C5-DE1D-4704-9912-97A7035600BE}.AppStore|Any CPU.ActiveCfg = Release|Any CPU
		{1104B5C5-DE1D-4704-9912-97A7035600BE}.AppStore|Any CPU.Build.0 = Release|Any CPU
		{1104B5C5-DE1D-4704-9912-97A7035600BE}.AppStore|Any CPU.Deploy.0 = Release|Any CPU
		{1104B5C5-DE1D-4704-9912-97A7035600BE}.AppStore|ARM.ActiveCfg = Release|Any CPU
		{1104B5C5-DE1D-4704-9912-97A7035600BE}.AppStore|ARM.Build.0 = Release|Any CPU
		{1104B5C5-DE1D-4704-9912-97A7035600BE}.AppStore|ARM.Deploy.0 = Release|Any CPU
		{1104B5C5-DE1D-4704-9912-97A7035600BE}.AppStore|iPhone.ActiveCfg = Release|Any CPU
		{1104B5C5-DE1D-4704-9912-97A7035600BE}.AppStore|iPhone.Build.0 = Release|Any CPU
		{1104B5C5-DE1D-4704-9912-97A7035600BE}.AppStore|iPhone.Deploy.0 = Release|Any CPU
		{1104B5C5-DE1D-4704-9912-97A7035600BE}.AppStore|iPhoneSimulator.ActiveCfg = Release|Any CPU
		{1104B5C5-DE1D-4704-9912-97A7035600BE}.AppStore|iPhoneSimulator.Build.0 = Release|Any CPU
		{1104B5C5-DE1D-4704-9912-97A7035600BE}.AppStore|iPhoneSimulator.Deploy.0 = Release|Any CPU
		{1104B5C5-DE1D-4704-9912-97A7035600BE}.AppStore|x64.ActiveCfg = Release|Any CPU
		{1104B5C5-DE1D-4704-9912-97A7035600BE}.AppStore|x64.Build.0 = Release|Any CPU
		{1104B5C5-DE1D-4704-9912-97A7035600BE}.AppStore|x64.Deploy.0 = Release|Any CPU
		{1104B5C5-DE1D-4704-9912-97A7035600BE}.AppStore|x86.ActiveCfg = Release|Any CPU
		{1104B5C5-DE1D-4704-9912-97A7035600BE}.AppStore|x86.Build.0 = Release|Any CPU
		{1104B5C5-DE1D-4704-9912-97A7035600BE}.AppStore|x86.Deploy.0 = Release|Any CPU
		{1104B5C5-DE1D-4704-9912-97A7035600BE}.Debug|Any CPU.ActiveCfg = Debug|Any CPU
		{1104B5C5-DE1D-4704-9912-97A7035600BE}.Debug|Any CPU.Build.0 = Debug|Any CPU
		{1104B5C5-DE1D-4704-9912-97A7035600BE}.Debug|Any CPU.Deploy.0 = Debug|Any CPU
		{1104B5C5-DE1D-4704-9912-97A7035600BE}.Debug|ARM.ActiveCfg = Debug|Any CPU
		{1104B5C5-DE1D-4704-9912-97A7035600BE}.Debug|ARM.Build.0 = Debug|Any CPU
		{1104B5C5-DE1D-4704-9912-97A7035600BE}.Debug|ARM.Deploy.0 = Debug|Any CPU
		{1104B5C5-DE1D-4704-9912-97A7035600BE}.Debug|iPhone.ActiveCfg = Debug|Any CPU
		{1104B5C5-DE1D-4704-9912-97A7035600BE}.Debug|iPhone.Build.0 = Debug|Any CPU
		{1104B5C5-DE1D-4704-9912-97A7035600BE}.Debug|iPhone.Deploy.0 = Debug|Any CPU
		{1104B5C5-DE1D-4704-9912-97A7035600BE}.Debug|iPhoneSimulator.ActiveCfg = Debug|Any CPU
		{1104B5C5-DE1D-4704-9912-97A7035600BE}.Debug|iPhoneSimulator.Build.0 = Debug|Any CPU
		{1104B5C5-DE1D-4704-9912-97A7035600BE}.Debug|iPhoneSimulator.Deploy.0 = Debug|Any CPU
		{1104B5C5-DE1D-4704-9912-97A7035600BE}.Debug|x64.ActiveCfg = Debug|Any CPU
		{1104B5C5-DE1D-4704-9912-97A7035600BE}.Debug|x64.Build.0 = Debug|Any CPU
		{1104B5C5-DE1D-4704-9912-97A7035600BE}.Debug|x64.Deploy.0 = Debug|Any CPU
		{1104B5C5-DE1D-4704-9912-97A7035600BE}.Debug|x86.ActiveCfg = Debug|Any CPU
		{1104B5C5-DE1D-4704-9912-97A7035600BE}.Debug|x86.Build.0 = Debug|Any CPU
		{1104B5C5-DE1D-4704-9912-97A7035600BE}.Debug|x86.Deploy.0 = Debug|Any CPU
		{1104B5C5-DE1D-4704-9912-97A7035600BE}.Release|Any CPU.ActiveCfg = Release|Any CPU
		{1104B5C5-DE1D-4704-9912-97A7035600BE}.Release|Any CPU.Build.0 = Release|Any CPU
		{1104B5C5-DE1D-4704-9912-97A7035600BE}.Release|Any CPU.Deploy.0 = Release|Any CPU
		{1104B5C5-DE1D-4704-9912-97A7035600BE}.Release|ARM.ActiveCfg = Release|Any CPU
		{1104B5C5-DE1D-4704-9912-97A7035600BE}.Release|ARM.Build.0 = Release|Any CPU
		{1104B5C5-DE1D-4704-9912-97A7035600BE}.Release|ARM.Deploy.0 = Release|Any CPU
		{1104B5C5-DE1D-4704-9912-97A7035600BE}.Release|iPhone.ActiveCfg = Release|Any CPU
		{1104B5C5-DE1D-4704-9912-97A7035600BE}.Release|iPhone.Build.0 = Release|Any CPU
		{1104B5C5-DE1D-4704-9912-97A7035600BE}.Release|iPhone.Deploy.0 = Release|Any CPU
		{1104B5C5-DE1D-4704-9912-97A7035600BE}.Release|iPhoneSimulator.ActiveCfg = Release|Any CPU
		{1104B5C5-DE1D-4704-9912-97A7035600BE}.Release|iPhoneSimulator.Build.0 = Release|Any CPU
		{1104B5C5-DE1D-4704-9912-97A7035600BE}.Release|iPhoneSimulator.Deploy.0 = Release|Any CPU
		{1104B5C5-DE1D-4704-9912-97A7035600BE}.Release|x64.ActiveCfg = Release|Any CPU
		{1104B5C5-DE1D-4704-9912-97A7035600BE}.Release|x64.Build.0 = Release|Any CPU
		{1104B5C5-DE1D-4704-9912-97A7035600BE}.Release|x64.Deploy.0 = Release|Any CPU
		{1104B5C5-DE1D-4704-9912-97A7035600BE}.Release|x86.ActiveCfg = Release|Any CPU
		{1104B5C5-DE1D-4704-9912-97A7035600BE}.Release|x86.Build.0 = Release|Any CPU
		{1104B5C5-DE1D-4704-9912-97A7035600BE}.Release|x86.Deploy.0 = Release|Any CPU
		{2F85AD57-16B0-43AB-AA4F-778C3D761F75}.Ad-Hoc|Any CPU.ActiveCfg = Ad-Hoc|iPhone
		{2F85AD57-16B0-43AB-AA4F-778C3D761F75}.Ad-Hoc|ARM.ActiveCfg = Ad-Hoc|iPhone
		{2F85AD57-16B0-43AB-AA4F-778C3D761F75}.Ad-Hoc|iPhone.ActiveCfg = Ad-Hoc|iPhone
		{2F85AD57-16B0-43AB-AA4F-778C3D761F75}.Ad-Hoc|iPhone.Build.0 = Ad-Hoc|iPhone
		{2F85AD57-16B0-43AB-AA4F-778C3D761F75}.Ad-Hoc|iPhoneSimulator.ActiveCfg = Ad-Hoc|iPhoneSimulator
		{2F85AD57-16B0-43AB-AA4F-778C3D761F75}.Ad-Hoc|iPhoneSimulator.Build.0 = Ad-Hoc|iPhoneSimulator
		{2F85AD57-16B0-43AB-AA4F-778C3D761F75}.Ad-Hoc|x64.ActiveCfg = Ad-Hoc|iPhone
		{2F85AD57-16B0-43AB-AA4F-778C3D761F75}.Ad-Hoc|x86.ActiveCfg = Ad-Hoc|iPhone
		{2F85AD57-16B0-43AB-AA4F-778C3D761F75}.AppStore|Any CPU.ActiveCfg = AppStore|iPhone
		{2F85AD57-16B0-43AB-AA4F-778C3D761F75}.AppStore|ARM.ActiveCfg = AppStore|iPhone
		{2F85AD57-16B0-43AB-AA4F-778C3D761F75}.AppStore|iPhone.ActiveCfg = AppStore|iPhone
		{2F85AD57-16B0-43AB-AA4F-778C3D761F75}.AppStore|iPhone.Build.0 = AppStore|iPhone
		{2F85AD57-16B0-43AB-AA4F-778C3D761F75}.AppStore|iPhoneSimulator.ActiveCfg = AppStore|iPhoneSimulator
		{2F85AD57-16B0-43AB-AA4F-778C3D761F75}.AppStore|iPhoneSimulator.Build.0 = AppStore|iPhoneSimulator
		{2F85AD57-16B0-43AB-AA4F-778C3D761F75}.AppStore|x64.ActiveCfg = AppStore|iPhone
		{2F85AD57-16B0-43AB-AA4F-778C3D761F75}.AppStore|x86.ActiveCfg = AppStore|iPhone
		{2F85AD57-16B0-43AB-AA4F-778C3D761F75}.Debug|Any CPU.ActiveCfg = Debug|iPhone
		{2F85AD57-16B0-43AB-AA4F-778C3D761F75}.Debug|ARM.ActiveCfg = Debug|iPhone
		{2F85AD57-16B0-43AB-AA4F-778C3D761F75}.Debug|iPhone.ActiveCfg = Debug|iPhone
		{2F85AD57-16B0-43AB-AA4F-778C3D761F75}.Debug|iPhone.Build.0 = Debug|iPhone
		{2F85AD57-16B0-43AB-AA4F-778C3D761F75}.Debug|iPhoneSimulator.ActiveCfg = Debug|iPhoneSimulator
		{2F85AD57-16B0-43AB-AA4F-778C3D761F75}.Debug|iPhoneSimulator.Build.0 = Debug|iPhoneSimulator
		{2F85AD57-16B0-43AB-AA4F-778C3D761F75}.Debug|x64.ActiveCfg = Debug|iPhone
		{2F85AD57-16B0-43AB-AA4F-778C3D761F75}.Debug|x86.ActiveCfg = Debug|iPhone
		{2F85AD57-16B0-43AB-AA4F-778C3D761F75}.Release|Any CPU.ActiveCfg = Release|iPhone
		{2F85AD57-16B0-43AB-AA4F-778C3D761F75}.Release|ARM.ActiveCfg = Release|iPhone
		{2F85AD57-16B0-43AB-AA4F-778C3D761F75}.Release|iPhone.ActiveCfg = Release|iPhone
		{2F85AD57-16B0-43AB-AA4F-778C3D761F75}.Release|iPhone.Build.0 = Release|iPhone
		{2F85AD57-16B0-43AB-AA4F-778C3D761F75}.Release|iPhoneSimulator.ActiveCfg = Release|iPhoneSimulator
		{2F85AD57-16B0-43AB-AA4F-778C3D761F75}.Release|iPhoneSimulator.Build.0 = Release|iPhoneSimulator
		{2F85AD57-16B0-43AB-AA4F-778C3D761F75}.Release|x64.ActiveCfg = Release|iPhone
		{2F85AD57-16B0-43AB-AA4F-778C3D761F75}.Release|x86.ActiveCfg = Release|iPhone
		{D5FEDE47-3E45-4BF8-93AB-249012F6AB56}.Ad-Hoc|Any CPU.ActiveCfg = Release|Any CPU
		{D5FEDE47-3E45-4BF8-93AB-249012F6AB56}.Ad-Hoc|Any CPU.Build.0 = Release|Any CPU
		{D5FEDE47-3E45-4BF8-93AB-249012F6AB56}.Ad-Hoc|Any CPU.Deploy.0 = Release|Any CPU
		{D5FEDE47-3E45-4BF8-93AB-249012F6AB56}.Ad-Hoc|ARM.ActiveCfg = Release|ARM
		{D5FEDE47-3E45-4BF8-93AB-249012F6AB56}.Ad-Hoc|ARM.Build.0 = Release|ARM
		{D5FEDE47-3E45-4BF8-93AB-249012F6AB56}.Ad-Hoc|ARM.Deploy.0 = Release|ARM
		{D5FEDE47-3E45-4BF8-93AB-249012F6AB56}.Ad-Hoc|iPhone.ActiveCfg = Release|Any CPU
		{D5FEDE47-3E45-4BF8-93AB-249012F6AB56}.Ad-Hoc|iPhone.Build.0 = Release|Any CPU
		{D5FEDE47-3E45-4BF8-93AB-249012F6AB56}.Ad-Hoc|iPhone.Deploy.0 = Release|Any CPU
		{D5FEDE47-3E45-4BF8-93AB-249012F6AB56}.Ad-Hoc|iPhoneSimulator.ActiveCfg = Release|Any CPU
		{D5FEDE47-3E45-4BF8-93AB-249012F6AB56}.Ad-Hoc|iPhoneSimulator.Build.0 = Release|Any CPU
		{D5FEDE47-3E45-4BF8-93AB-249012F6AB56}.Ad-Hoc|iPhoneSimulator.Deploy.0 = Release|Any CPU
		{D5FEDE47-3E45-4BF8-93AB-249012F6AB56}.Ad-Hoc|x64.ActiveCfg = Release|Any CPU
		{D5FEDE47-3E45-4BF8-93AB-249012F6AB56}.Ad-Hoc|x64.Build.0 = Release|Any CPU
		{D5FEDE47-3E45-4BF8-93AB-249012F6AB56}.Ad-Hoc|x64.Deploy.0 = Release|Any CPU
		{D5FEDE47-3E45-4BF8-93AB-249012F6AB56}.Ad-Hoc|x86.ActiveCfg = Release|x86
		{D5FEDE47-3E45-4BF8-93AB-249012F6AB56}.Ad-Hoc|x86.Build.0 = Release|x86
		{D5FEDE47-3E45-4BF8-93AB-249012F6AB56}.Ad-Hoc|x86.Deploy.0 = Release|x86
		{D5FEDE47-3E45-4BF8-93AB-249012F6AB56}.AppStore|Any CPU.ActiveCfg = Release|Any CPU
		{D5FEDE47-3E45-4BF8-93AB-249012F6AB56}.AppStore|Any CPU.Build.0 = Release|Any CPU
		{D5FEDE47-3E45-4BF8-93AB-249012F6AB56}.AppStore|Any CPU.Deploy.0 = Release|Any CPU
		{D5FEDE47-3E45-4BF8-93AB-249012F6AB56}.AppStore|ARM.ActiveCfg = Release|ARM
		{D5FEDE47-3E45-4BF8-93AB-249012F6AB56}.AppStore|ARM.Build.0 = Release|ARM
		{D5FEDE47-3E45-4BF8-93AB-249012F6AB56}.AppStore|ARM.Deploy.0 = Release|ARM
		{D5FEDE47-3E45-4BF8-93AB-249012F6AB56}.AppStore|iPhone.ActiveCfg = Release|Any CPU
		{D5FEDE47-3E45-4BF8-93AB-249012F6AB56}.AppStore|iPhone.Build.0 = Release|Any CPU
		{D5FEDE47-3E45-4BF8-93AB-249012F6AB56}.AppStore|iPhone.Deploy.0 = Release|Any CPU
		{D5FEDE47-3E45-4BF8-93AB-249012F6AB56}.AppStore|iPhoneSimulator.ActiveCfg = Release|Any CPU
		{D5FEDE47-3E45-4BF8-93AB-249012F6AB56}.AppStore|iPhoneSimulator.Build.0 = Release|Any CPU
		{D5FEDE47-3E45-4BF8-93AB-249012F6AB56}.AppStore|iPhoneSimulator.Deploy.0 = Release|Any CPU
		{D5FEDE47-3E45-4BF8-93AB-249012F6AB56}.AppStore|x64.ActiveCfg = Release|Any CPU
		{D5FEDE47-3E45-4BF8-93AB-249012F6AB56}.AppStore|x64.Build.0 = Release|Any CPU
		{D5FEDE47-3E45-4BF8-93AB-249012F6AB56}.AppStore|x64.Deploy.0 = Release|Any CPU
		{D5FEDE47-3E45-4BF8-93AB-249012F6AB56}.AppStore|x86.ActiveCfg = Release|x86
		{D5FEDE47-3E45-4BF8-93AB-249012F6AB56}.AppStore|x86.Build.0 = Release|x86
		{D5FEDE47-3E45-4BF8-93AB-249012F6AB56}.AppStore|x86.Deploy.0 = Release|x86
		{D5FEDE47-3E45-4BF8-93AB-249012F6AB56}.Debug|Any CPU.ActiveCfg = Debug|Any CPU
		{D5FEDE47-3E45-4BF8-93AB-249012F6AB56}.Debug|Any CPU.Build.0 = Debug|Any CPU
		{D5FEDE47-3E45-4BF8-93AB-249012F6AB56}.Debug|Any CPU.Deploy.0 = Debug|Any CPU
		{D5FEDE47-3E45-4BF8-93AB-249012F6AB56}.Debug|ARM.ActiveCfg = Debug|ARM
		{D5FEDE47-3E45-4BF8-93AB-249012F6AB56}.Debug|ARM.Build.0 = Debug|ARM
		{D5FEDE47-3E45-4BF8-93AB-249012F6AB56}.Debug|ARM.Deploy.0 = Debug|ARM
		{D5FEDE47-3E45-4BF8-93AB-249012F6AB56}.Debug|iPhone.ActiveCfg = Debug|Any CPU
		{D5FEDE47-3E45-4BF8-93AB-249012F6AB56}.Debug|iPhone.Build.0 = Debug|Any CPU
		{D5FEDE47-3E45-4BF8-93AB-249012F6AB56}.Debug|iPhone.Deploy.0 = Debug|Any CPU
		{D5FEDE47-3E45-4BF8-93AB-249012F6AB56}.Debug|iPhoneSimulator.ActiveCfg = Debug|Any CPU
		{D5FEDE47-3E45-4BF8-93AB-249012F6AB56}.Debug|iPhoneSimulator.Build.0 = Debug|Any CPU
		{D5FEDE47-3E45-4BF8-93AB-249012F6AB56}.Debug|iPhoneSimulator.Deploy.0 = Debug|Any CPU
		{D5FEDE47-3E45-4BF8-93AB-249012F6AB56}.Debug|x64.ActiveCfg = Debug|Any CPU
		{D5FEDE47-3E45-4BF8-93AB-249012F6AB56}.Debug|x64.Build.0 = Debug|Any CPU
		{D5FEDE47-3E45-4BF8-93AB-249012F6AB56}.Debug|x64.Deploy.0 = Debug|Any CPU
		{D5FEDE47-3E45-4BF8-93AB-249012F6AB56}.Debug|x86.ActiveCfg = Debug|x86
		{D5FEDE47-3E45-4BF8-93AB-249012F6AB56}.Debug|x86.Build.0 = Debug|x86
		{D5FEDE47-3E45-4BF8-93AB-249012F6AB56}.Debug|x86.Deploy.0 = Debug|x86
		{D5FEDE47-3E45-4BF8-93AB-249012F6AB56}.Release|Any CPU.ActiveCfg = Release|Any CPU
		{D5FEDE47-3E45-4BF8-93AB-249012F6AB56}.Release|Any CPU.Build.0 = Release|Any CPU
		{D5FEDE47-3E45-4BF8-93AB-249012F6AB56}.Release|Any CPU.Deploy.0 = Release|Any CPU
		{D5FEDE47-3E45-4BF8-93AB-249012F6AB56}.Release|ARM.ActiveCfg = Release|ARM
		{D5FEDE47-3E45-4BF8-93AB-249012F6AB56}.Release|ARM.Build.0 = Release|ARM
		{D5FEDE47-3E45-4BF8-93AB-249012F6AB56}.Release|ARM.Deploy.0 = Release|ARM
		{D5FEDE47-3E45-4BF8-93AB-249012F6AB56}.Release|iPhone.ActiveCfg = Release|Any CPU
		{D5FEDE47-3E45-4BF8-93AB-249012F6AB56}.Release|iPhone.Build.0 = Release|Any CPU
		{D5FEDE47-3E45-4BF8-93AB-249012F6AB56}.Release|iPhone.Deploy.0 = Release|Any CPU
		{D5FEDE47-3E45-4BF8-93AB-249012F6AB56}.Release|iPhoneSimulator.ActiveCfg = Release|Any CPU
		{D5FEDE47-3E45-4BF8-93AB-249012F6AB56}.Release|iPhoneSimulator.Build.0 = Release|Any CPU
		{D5FEDE47-3E45-4BF8-93AB-249012F6AB56}.Release|iPhoneSimulator.Deploy.0 = Release|Any CPU
		{D5FEDE47-3E45-4BF8-93AB-249012F6AB56}.Release|x64.ActiveCfg = Release|Any CPU
		{D5FEDE47-3E45-4BF8-93AB-249012F6AB56}.Release|x64.Build.0 = Release|Any CPU
		{D5FEDE47-3E45-4BF8-93AB-249012F6AB56}.Release|x64.Deploy.0 = Release|Any CPU
		{D5FEDE47-3E45-4BF8-93AB-249012F6AB56}.Release|x86.ActiveCfg = Release|x86
		{D5FEDE47-3E45-4BF8-93AB-249012F6AB56}.Release|x86.Build.0 = Release|x86
		{D5FEDE47-3E45-4BF8-93AB-249012F6AB56}.Release|x86.Deploy.0 = Release|x86
		{56F781E2-C33F-4A4F-A1B7-782FD8FBF02E}.Ad-Hoc|Any CPU.ActiveCfg = Release|Any CPU
		{56F781E2-C33F-4A4F-A1B7-782FD8FBF02E}.Ad-Hoc|Any CPU.Build.0 = Release|Any CPU
		{56F781E2-C33F-4A4F-A1B7-782FD8FBF02E}.Ad-Hoc|Any CPU.Deploy.0 = Release|Any CPU
		{56F781E2-C33F-4A4F-A1B7-782FD8FBF02E}.Ad-Hoc|ARM.ActiveCfg = Release|ARM
		{56F781E2-C33F-4A4F-A1B7-782FD8FBF02E}.Ad-Hoc|ARM.Build.0 = Release|ARM
		{56F781E2-C33F-4A4F-A1B7-782FD8FBF02E}.Ad-Hoc|ARM.Deploy.0 = Release|ARM
		{56F781E2-C33F-4A4F-A1B7-782FD8FBF02E}.Ad-Hoc|iPhone.ActiveCfg = Release|Any CPU
		{56F781E2-C33F-4A4F-A1B7-782FD8FBF02E}.Ad-Hoc|iPhone.Build.0 = Release|Any CPU
		{56F781E2-C33F-4A4F-A1B7-782FD8FBF02E}.Ad-Hoc|iPhone.Deploy.0 = Release|Any CPU
		{56F781E2-C33F-4A4F-A1B7-782FD8FBF02E}.Ad-Hoc|iPhoneSimulator.ActiveCfg = Release|Any CPU
		{56F781E2-C33F-4A4F-A1B7-782FD8FBF02E}.Ad-Hoc|iPhoneSimulator.Build.0 = Release|Any CPU
		{56F781E2-C33F-4A4F-A1B7-782FD8FBF02E}.Ad-Hoc|iPhoneSimulator.Deploy.0 = Release|Any CPU
		{56F781E2-C33F-4A4F-A1B7-782FD8FBF02E}.Ad-Hoc|x64.ActiveCfg = Release|x64
		{56F781E2-C33F-4A4F-A1B7-782FD8FBF02E}.Ad-Hoc|x64.Build.0 = Release|x64
		{56F781E2-C33F-4A4F-A1B7-782FD8FBF02E}.Ad-Hoc|x64.Deploy.0 = Release|x64
		{56F781E2-C33F-4A4F-A1B7-782FD8FBF02E}.Ad-Hoc|x86.ActiveCfg = Release|x86
		{56F781E2-C33F-4A4F-A1B7-782FD8FBF02E}.Ad-Hoc|x86.Build.0 = Release|x86
		{56F781E2-C33F-4A4F-A1B7-782FD8FBF02E}.Ad-Hoc|x86.Deploy.0 = Release|x86
		{56F781E2-C33F-4A4F-A1B7-782FD8FBF02E}.AppStore|Any CPU.ActiveCfg = Release|Any CPU
		{56F781E2-C33F-4A4F-A1B7-782FD8FBF02E}.AppStore|Any CPU.Build.0 = Release|Any CPU
		{56F781E2-C33F-4A4F-A1B7-782FD8FBF02E}.AppStore|Any CPU.Deploy.0 = Release|Any CPU
		{56F781E2-C33F-4A4F-A1B7-782FD8FBF02E}.AppStore|ARM.ActiveCfg = Release|ARM
		{56F781E2-C33F-4A4F-A1B7-782FD8FBF02E}.AppStore|ARM.Build.0 = Release|ARM
		{56F781E2-C33F-4A4F-A1B7-782FD8FBF02E}.AppStore|ARM.Deploy.0 = Release|ARM
		{56F781E2-C33F-4A4F-A1B7-782FD8FBF02E}.AppStore|iPhone.ActiveCfg = Release|Any CPU
		{56F781E2-C33F-4A4F-A1B7-782FD8FBF02E}.AppStore|iPhone.Build.0 = Release|Any CPU
		{56F781E2-C33F-4A4F-A1B7-782FD8FBF02E}.AppStore|iPhone.Deploy.0 = Release|Any CPU
		{56F781E2-C33F-4A4F-A1B7-782FD8FBF02E}.AppStore|iPhoneSimulator.ActiveCfg = Release|Any CPU
		{56F781E2-C33F-4A4F-A1B7-782FD8FBF02E}.AppStore|iPhoneSimulator.Build.0 = Release|Any CPU
		{56F781E2-C33F-4A4F-A1B7-782FD8FBF02E}.AppStore|iPhoneSimulator.Deploy.0 = Release|Any CPU
		{56F781E2-C33F-4A4F-A1B7-782FD8FBF02E}.AppStore|x64.ActiveCfg = Release|x64
		{56F781E2-C33F-4A4F-A1B7-782FD8FBF02E}.AppStore|x64.Build.0 = Release|x64
		{56F781E2-C33F-4A4F-A1B7-782FD8FBF02E}.AppStore|x64.Deploy.0 = Release|x64
		{56F781E2-C33F-4A4F-A1B7-782FD8FBF02E}.AppStore|x86.ActiveCfg = Release|x86
		{56F781E2-C33F-4A4F-A1B7-782FD8FBF02E}.AppStore|x86.Build.0 = Release|x86
		{56F781E2-C33F-4A4F-A1B7-782FD8FBF02E}.AppStore|x86.Deploy.0 = Release|x86
		{56F781E2-C33F-4A4F-A1B7-782FD8FBF02E}.Debug|Any CPU.ActiveCfg = Debug|Any CPU
		{56F781E2-C33F-4A4F-A1B7-782FD8FBF02E}.Debug|Any CPU.Build.0 = Debug|Any CPU
		{56F781E2-C33F-4A4F-A1B7-782FD8FBF02E}.Debug|Any CPU.Deploy.0 = Debug|Any CPU
		{56F781E2-C33F-4A4F-A1B7-782FD8FBF02E}.Debug|ARM.ActiveCfg = Debug|ARM
		{56F781E2-C33F-4A4F-A1B7-782FD8FBF02E}.Debug|ARM.Build.0 = Debug|ARM
		{56F781E2-C33F-4A4F-A1B7-782FD8FBF02E}.Debug|ARM.Deploy.0 = Debug|ARM
		{56F781E2-C33F-4A4F-A1B7-782FD8FBF02E}.Debug|iPhone.ActiveCfg = Debug|Any CPU
		{56F781E2-C33F-4A4F-A1B7-782FD8FBF02E}.Debug|iPhone.Build.0 = Debug|Any CPU
		{56F781E2-C33F-4A4F-A1B7-782FD8FBF02E}.Debug|iPhone.Deploy.0 = Debug|Any CPU
		{56F781E2-C33F-4A4F-A1B7-782FD8FBF02E}.Debug|iPhoneSimulator.ActiveCfg = Debug|Any CPU
		{56F781E2-C33F-4A4F-A1B7-782FD8FBF02E}.Debug|iPhoneSimulator.Build.0 = Debug|Any CPU
		{56F781E2-C33F-4A4F-A1B7-782FD8FBF02E}.Debug|iPhoneSimulator.Deploy.0 = Debug|Any CPU
		{56F781E2-C33F-4A4F-A1B7-782FD8FBF02E}.Debug|x64.ActiveCfg = Debug|x64
		{56F781E2-C33F-4A4F-A1B7-782FD8FBF02E}.Debug|x64.Build.0 = Debug|x64
		{56F781E2-C33F-4A4F-A1B7-782FD8FBF02E}.Debug|x64.Deploy.0 = Debug|x64
		{56F781E2-C33F-4A4F-A1B7-782FD8FBF02E}.Debug|x86.ActiveCfg = Debug|x86
		{56F781E2-C33F-4A4F-A1B7-782FD8FBF02E}.Debug|x86.Build.0 = Debug|x86
		{56F781E2-C33F-4A4F-A1B7-782FD8FBF02E}.Debug|x86.Deploy.0 = Debug|x86
		{56F781E2-C33F-4A4F-A1B7-782FD8FBF02E}.Release|Any CPU.ActiveCfg = Release|Any CPU
		{56F781E2-C33F-4A4F-A1B7-782FD8FBF02E}.Release|Any CPU.Build.0 = Release|Any CPU
		{56F781E2-C33F-4A4F-A1B7-782FD8FBF02E}.Release|Any CPU.Deploy.0 = Release|Any CPU
		{56F781E2-C33F-4A4F-A1B7-782FD8FBF02E}.Release|ARM.ActiveCfg = Release|ARM
		{56F781E2-C33F-4A4F-A1B7-782FD8FBF02E}.Release|ARM.Build.0 = Release|ARM
		{56F781E2-C33F-4A4F-A1B7-782FD8FBF02E}.Release|ARM.Deploy.0 = Release|ARM
		{56F781E2-C33F-4A4F-A1B7-782FD8FBF02E}.Release|iPhone.ActiveCfg = Release|Any CPU
		{56F781E2-C33F-4A4F-A1B7-782FD8FBF02E}.Release|iPhone.Build.0 = Release|Any CPU
		{56F781E2-C33F-4A4F-A1B7-782FD8FBF02E}.Release|iPhone.Deploy.0 = Release|Any CPU
		{56F781E2-C33F-4A4F-A1B7-782FD8FBF02E}.Release|iPhoneSimulator.ActiveCfg = Release|Any CPU
		{56F781E2-C33F-4A4F-A1B7-782FD8FBF02E}.Release|iPhoneSimulator.Build.0 = Release|Any CPU
		{56F781E2-C33F-4A4F-A1B7-782FD8FBF02E}.Release|iPhoneSimulator.Deploy.0 = Release|Any CPU
		{56F781E2-C33F-4A4F-A1B7-782FD8FBF02E}.Release|x64.ActiveCfg = Release|x64
		{56F781E2-C33F-4A4F-A1B7-782FD8FBF02E}.Release|x64.Build.0 = Release|x64
		{56F781E2-C33F-4A4F-A1B7-782FD8FBF02E}.Release|x64.Deploy.0 = Release|x64
		{56F781E2-C33F-4A4F-A1B7-782FD8FBF02E}.Release|x86.ActiveCfg = Release|x86
		{56F781E2-C33F-4A4F-A1B7-782FD8FBF02E}.Release|x86.Build.0 = Release|x86
		{56F781E2-C33F-4A4F-A1B7-782FD8FBF02E}.Release|x86.Deploy.0 = Release|x86
	EndGlobalSection
	GlobalSection(SolutionProperties) = preSolution
		HideSolutionNode = FALSE
	EndGlobalSection
EndGlobal
